
Microsoft Visual Studio Solution File, Format Version 12.00
# Visual Studio 15
VisualStudioVersion = 15.0.28307.1972
MinimumVisualStudioVersion = 10.0.40219.1
Project("{FAE04EC0-301F-11D3-BF4B-00C04F79EFBC}") = "TASK3,3", "TASK3,3\TASK3,3.csproj", "{8BD32E0F-3877-435F-9112-84C956DC450B}"
EndProject
Global
	GlobalSection(SolutionConfigurationPlatforms) = preSolution
		Debug|Any CPU = Debug|Any CPU
		Release|Any CPU = Release|Any CPU
	EndGlobalSection
	GlobalSection(ProjectConfigurationPlatforms) = postSolution
		{8BD32E0F-3877-435F-9112-84C956DC450B}.Debug|Any CPU.ActiveCfg = Debug|Any CPU
		{8BD32E0F-3877-435F-9112-84C956DC450B}.Debug|Any CPU.Build.0 = Debug|Any CPU
		{8BD32E0F-3877-435F-9112-84C956DC450B}.Release|Any CPU.ActiveCfg = Release|Any CPU
		{8BD32E0F-3877-435F-9112-84C956DC450B}.Release|Any CPU.Build.0 = Release|Any CPU
	EndGlobalSection
	GlobalSection(SolutionProperties) = preSolution
		HideSolutionNode = FALSE
	EndGlobalSection
	GlobalSection(ExtensibilityGlobals) = postSolution
		SolutionGuid = {0C3DA08E-D3C8-4668-A7AD-AFCA6E64E1AB}
	EndGlobalSection
EndGlobal
