
Microsoft Visual Studio Solution File, Format Version 12.00
# Visual Studio 15
VisualStudioVersion = 15.0.28307.1972
MinimumVisualStudioVersion = 10.0.40219.1
Project("{FAE04EC0-301F-11D3-BF4B-00C04F79EFBC}") = "TASK2,3", "TASK2,3\TASK2,3.csproj", "{B3F04CE9-F883-4D3E-B119-3BFAC60C7264}"
EndProject
Global
	GlobalSection(SolutionConfigurationPlatforms) = preSolution
		Debug|Any CPU = Debug|Any CPU
		Release|Any CPU = Release|Any CPU
	EndGlobalSection
	GlobalSection(ProjectConfigurationPlatforms) = postSolution
		{B3F04CE9-F883-4D3E-B119-3BFAC60C7264}.Debug|Any CPU.ActiveCfg = Debug|Any CPU
		{B3F04CE9-F883-4D3E-B119-3BFAC60C7264}.Debug|Any CPU.Build.0 = Debug|Any CPU
		{B3F04CE9-F883-4D3E-B119-3BFAC60C7264}.Release|Any CPU.ActiveCfg = Release|Any CPU
		{B3F04CE9-F883-4D3E-B119-3BFAC60C7264}.Release|Any CPU.Build.0 = Release|Any CPU
	EndGlobalSection
	GlobalSection(SolutionProperties) = preSolution
		HideSolutionNode = FALSE
	EndGlobalSection
	GlobalSection(ExtensibilityGlobals) = postSolution
		SolutionGuid = {24DD1FB4-6C57-4B51-8B21-386D0C1C1BFD}
	EndGlobalSection
EndGlobal
